{
  "pins" : [
    {
      "identity" : "udpconnection",
      "kind" : "remoteSourceControl",
      "location" : "https://github.com/emlynmac/udpconnection",
      "state" : {
        "branch" : "migrate-to-async",
        "revision" : "e3d327a50f276b7d20744feea1898c2dcbded7a4"
      }
    }
  ],
  "version" : 2
}
